
Microsoft Visual Studio Solution File, Format Version 12.00
# Visual Studio Version 16
VisualStudioVersion = 16.0.29728.190
MinimumVisualStudioVersion = 10.0.40219.1
Project("{FAE04EC0-301F-11D3-BF4B-00C04F79EFBC}") = "TutoCalculator", "TutoCalculator\TutoCalculator.csproj", "{3BD5A7C8-4A76-45CA-BAA8-CFCE857246BD}"
EndProject
Global
	GlobalSection(SolutionConfigurationPlatforms) = preSolution
		Debug|Any CPU = Debug|Any CPU
		Release|Any CPU = Release|Any CPU
	EndGlobalSection
	GlobalSection(ProjectConfigurationPlatforms) = postSolution
		{3BD5A7C8-4A76-45CA-BAA8-CFCE857246BD}.Debug|Any CPU.ActiveCfg = Debug|Any CPU
		{3BD5A7C8-4A76-45CA-BAA8-CFCE857246BD}.Debug|Any CPU.Build.0 = Debug|Any CPU
		{3BD5A7C8-4A76-45CA-BAA8-CFCE857246BD}.Release|Any CPU.ActiveCfg = Release|Any CPU
		{3BD5A7C8-4A76-45CA-BAA8-CFCE857246BD}.Release|Any CPU.Build.0 = Release|Any CPU
	EndGlobalSection
	GlobalSection(SolutionProperties) = preSolution
		HideSolutionNode = FALSE
	EndGlobalSection
	GlobalSection(ExtensibilityGlobals) = postSolution
		SolutionGuid = {EA92EBA7-48D5-449F-8FA2-04D760D4AFAB}
	EndGlobalSection
EndGlobal
